
Microsoft Visual Studio Solution File, Format Version 12.00
# Visual Studio Version 16
VisualStudioVersion = 16.0.31112.23
MinimumVisualStudioVersion = 10.0.40219.1
Project("{9A19103F-16F7-4668-BE54-9A1E7A4F7556}") = "MetricsManager", "MetricsManager\MetricsManager.csproj", "{E0A2D007-6377-4630-A3EC-D867BCFCC001}"
EndProject
Project("{9A19103F-16F7-4668-BE54-9A1E7A4F7556}") = "MetricsManagerTests", "MetricsManagerTests\MetricsManagerTests.csproj", "{F6D270CD-5ADE-493D-BBFE-A5B1F8D8013B}"
EndProject
Project("{9A19103F-16F7-4668-BE54-9A1E7A4F7556}") = "MetricsAgent", "AgentsController\MetricsAgent.csproj", "{BCF52D2C-3CE8-4B22-AE3A-E44CAF7A109F}"
EndProject
Project("{9A19103F-16F7-4668-BE54-9A1E7A4F7556}") = "AgentTests", "AgentsTests\AgentTests.csproj", "{A7E7D42F-A9A8-43C1-B3AC-94EFF98DFDE7}"
EndProject
Project("{FAE04EC0-301F-11D3-BF4B-00C04F79EFBC}") = "MetricsAgentTests", "MetricsAgentTests\MetricsAgentTests.csproj", "{91FED5F5-CDAB-4F15-B3CC-3952A12C0F05}"
EndProject
Global
	GlobalSection(SolutionConfigurationPlatforms) = preSolution
		Debug|Any CPU = Debug|Any CPU
		Release|Any CPU = Release|Any CPU
	EndGlobalSection
	GlobalSection(ProjectConfigurationPlatforms) = postSolution
		{E0A2D007-6377-4630-A3EC-D867BCFCC001}.Debug|Any CPU.ActiveCfg = Debug|Any CPU
		{E0A2D007-6377-4630-A3EC-D867BCFCC001}.Debug|Any CPU.Build.0 = Debug|Any CPU
		{E0A2D007-6377-4630-A3EC-D867BCFCC001}.Release|Any CPU.ActiveCfg = Release|Any CPU
		{E0A2D007-6377-4630-A3EC-D867BCFCC001}.Release|Any CPU.Build.0 = Release|Any CPU
		{F6D270CD-5ADE-493D-BBFE-A5B1F8D8013B}.Debug|Any CPU.ActiveCfg = Debug|Any CPU
		{F6D270CD-5ADE-493D-BBFE-A5B1F8D8013B}.Debug|Any CPU.Build.0 = Debug|Any CPU
		{F6D270CD-5ADE-493D-BBFE-A5B1F8D8013B}.Release|Any CPU.ActiveCfg = Release|Any CPU
		{F6D270CD-5ADE-493D-BBFE-A5B1F8D8013B}.Release|Any CPU.Build.0 = Release|Any CPU
		{BCF52D2C-3CE8-4B22-AE3A-E44CAF7A109F}.Debug|Any CPU.ActiveCfg = Debug|Any CPU
		{BCF52D2C-3CE8-4B22-AE3A-E44CAF7A109F}.Debug|Any CPU.Build.0 = Debug|Any CPU
		{BCF52D2C-3CE8-4B22-AE3A-E44CAF7A109F}.Release|Any CPU.ActiveCfg = Release|Any CPU
		{BCF52D2C-3CE8-4B22-AE3A-E44CAF7A109F}.Release|Any CPU.Build.0 = Release|Any CPU
		{A7E7D42F-A9A8-43C1-B3AC-94EFF98DFDE7}.Debug|Any CPU.ActiveCfg = Debug|Any CPU
		{A7E7D42F-A9A8-43C1-B3AC-94EFF98DFDE7}.Debug|Any CPU.Build.0 = Debug|Any CPU
		{A7E7D42F-A9A8-43C1-B3AC-94EFF98DFDE7}.Release|Any CPU.ActiveCfg = Release|Any CPU
		{A7E7D42F-A9A8-43C1-B3AC-94EFF98DFDE7}.Release|Any CPU.Build.0 = Release|Any CPU
		{91FED5F5-CDAB-4F15-B3CC-3952A12C0F05}.Debug|Any CPU.ActiveCfg = Debug|Any CPU
		{91FED5F5-CDAB-4F15-B3CC-3952A12C0F05}.Debug|Any CPU.Build.0 = Debug|Any CPU
		{91FED5F5-CDAB-4F15-B3CC-3952A12C0F05}.Release|Any CPU.ActiveCfg = Release|Any CPU
		{91FED5F5-CDAB-4F15-B3CC-3952A12C0F05}.Release|Any CPU.Build.0 = Release|Any CPU
	EndGlobalSection
	GlobalSection(SolutionProperties) = preSolution
		HideSolutionNode = FALSE
	EndGlobalSection
	GlobalSection(ExtensibilityGlobals) = postSolution
		SolutionGuid = {BF78DF24-3DDB-4D58-BD78-AC74FC274A2F}
	EndGlobalSection
EndGlobal
